// !$*UTF8*$!
{
	archiveVersion = 1;
	classes = {
	};
	objectVersion = 54;
	objects = {

/* Begin PBXBuildFile section */
		7382A08EE84E97E7DA11EA56 /* Pods_Kaung_Rwai.framework in Frameworks */ = {isa = PBXBuildFile; fileRef = 42227D76B9F5C80A0D89D852 /* Pods_Kaung_Rwai.framework */; };
		D5138E892502193700738673 /* SettingViewController.swift in Sources */ = {isa = PBXBuildFile; fileRef = D5138E882502193700738673 /* SettingViewController.swift */; };
		D5138E8B25021AA000738673 /* LanguageCell2.swift in Sources */ = {isa = PBXBuildFile; fileRef = D5138E8A25021AA000738673 /* LanguageCell2.swift */; };
		D51CBE67250542F200D1E4DE /* ContentSearchViewController.swift in Sources */ = {isa = PBXBuildFile; fileRef = D51CBE66250542F200D1E4DE /* ContentSearchViewController.swift */; };
		D529A07124E7D35000D88294 /* ViewControllerExt.swift in Sources */ = {isa = PBXBuildFile; fileRef = D529A07024E7D35000D88294 /* ViewControllerExt.swift */; };
		D52AF42324E2F7B9003C9874 /* MainViewController.swift in Sources */ = {isa = PBXBuildFile; fileRef = D52AF42224E2F7B9003C9874 /* MainViewController.swift */; };
		D53CAE5C24F79F8400004F9C /* UserDefaultManager.swift in Sources */ = {isa = PBXBuildFile; fileRef = D53CAE5B24F79F8400004F9C /* UserDefaultManager.swift */; };
		D53CAE5F24F7A11D00004F9C /* LanguageSelectionViewController.swift in Sources */ = {isa = PBXBuildFile; fileRef = D53CAE5E24F7A11D00004F9C /* LanguageSelectionViewController.swift */; };
		D546866124EACFCD00CADCE0 /* ResponseContent.swift in Sources */ = {isa = PBXBuildFile; fileRef = D546866024EACFCD00CADCE0 /* ResponseContent.swift */; };
		D546866424EAD31F00CADCE0 /* Request.swift in Sources */ = {isa = PBXBuildFile; fileRef = D546866324EAD31F00CADCE0 /* Request.swift */; };
		D546866724EAD4D400CADCE0 /* ContentCell.swift in Sources */ = {isa = PBXBuildFile; fileRef = D546866624EAD4D400CADCE0 /* ContentCell.swift */; };
		D546866924EAE78900CADCE0 /* ContentViewModel.swift in Sources */ = {isa = PBXBuildFile; fileRef = D546866824EAE78900CADCE0 /* ContentViewModel.swift */; };
		D546866B24EAE82B00CADCE0 /* ContentViewController.swift in Sources */ = {isa = PBXBuildFile; fileRef = D546866A24EAE82B00CADCE0 /* ContentViewController.swift */; };
		D54D422E24FBA97A00D72B19 /* PhotoViewController.swift in Sources */ = {isa = PBXBuildFile; fileRef = D54D422D24FBA97A00D72B19 /* PhotoViewController.swift */; };
		D54D423024FBAF6600D72B19 /* PhotoCell.swift in Sources */ = {isa = PBXBuildFile; fileRef = D54D422F24FBAF6600D72B19 /* PhotoCell.swift */; };
		D556213424E8352F0081655D /* BaseRequest.swift in Sources */ = {isa = PBXBuildFile; fileRef = D556213324E8352F0081655D /* BaseRequest.swift */; };
		D556213724E835650081655D /* Constants.swift in Sources */ = {isa = PBXBuildFile; fileRef = D556213624E835650081655D /* Constants.swift */; };
		D556213924E837B10081655D /* RequestManager.swift in Sources */ = {isa = PBXBuildFile; fileRef = D556213824E837B10081655D /* RequestManager.swift */; };
		D556213B24E837DA0081655D /* ApiService.swift in Sources */ = {isa = PBXBuildFile; fileRef = D556213A24E837DA0081655D /* ApiService.swift */; };
		D556213E24E838860081655D /* ResponseImageSet.swift in Sources */ = {isa = PBXBuildFile; fileRef = D556213D24E838860081655D /* ResponseImageSet.swift */; };
		D556214024E839720081655D /* ResponseLanguage.swift in Sources */ = {isa = PBXBuildFile; fileRef = D556213F24E839720081655D /* ResponseLanguage.swift */; };
		D556214224E83C480081655D /* List.swift in Sources */ = {isa = PBXBuildFile; fileRef = D556214124E83C480081655D /* List.swift */; };
		D556214624E8409D0081655D /* VotingGuideViewController.swift in Sources */ = {isa = PBXBuildFile; fileRef = D556214524E8409D0081655D /* VotingGuideViewController.swift */; };
		D556214824E840B90081655D /* InfiniteCollectionViewController.swift in Sources */ = {isa = PBXBuildFile; fileRef = D556214724E840B90081655D /* InfiniteCollectionViewController.swift */; };
		D556214A24E840E60081655D /* InfiniteListDelegate.swift in Sources */ = {isa = PBXBuildFile; fileRef = D556214924E840E60081655D /* InfiniteListDelegate.swift */; };
		D556214F24E841B20081655D /* LoadingCell.swift in Sources */ = {isa = PBXBuildFile; fileRef = D556214C24E841B20081655D /* LoadingCell.swift */; };
		D556215024E841B20081655D /* EndCell.swift in Sources */ = {isa = PBXBuildFile; fileRef = D556214D24E841B20081655D /* EndCell.swift */; };
		D556215124E841B20081655D /* ErrorCell.swift in Sources */ = {isa = PBXBuildFile; fileRef = D556214E24E841B20081655D /* ErrorCell.swift */; };
		D556215324E8426F0081655D /* InfiniteListViewModel.swift in Sources */ = {isa = PBXBuildFile; fileRef = D556215224E8426F0081655D /* InfiniteListViewModel.swift */; };
		D556215524E842850081655D /* Paging.swift in Sources */ = {isa = PBXBuildFile; fileRef = D556215424E842850081655D /* Paging.swift */; };
		D556215724E843280081655D /* GalleryViewController.swift in Sources */ = {isa = PBXBuildFile; fileRef = D556215624E843280081655D /* GalleryViewController.swift */; };
		D556215A24E8442F0081655D /* ImageSetCell.swift in Sources */ = {isa = PBXBuildFile; fileRef = D556215924E8442F0081655D /* ImageSetCell.swift */; };
		D556215C24E8456B0081655D /* GalleryViewModel.swift in Sources */ = {isa = PBXBuildFile; fileRef = D556215B24E8456B0081655D /* GalleryViewModel.swift */; };
		D56AD06224ED8268009D59FA /* BaseChildViewController.swift in Sources */ = {isa = PBXBuildFile; fileRef = D56AD06124ED8268009D59FA /* BaseChildViewController.swift */; };
		D56CB98E24F96199009FA5D5 /* ResponseContact.swift in Sources */ = {isa = PBXBuildFile; fileRef = D56CB98D24F96199009FA5D5 /* ResponseContact.swift */; };
		D56CB99124F96980009FA5D5 /* MenuViewController.swift in Sources */ = {isa = PBXBuildFile; fileRef = D56CB99024F96980009FA5D5 /* MenuViewController.swift */; };
		D570E39D250C832100019C4E /* ContactCell.swift in Sources */ = {isa = PBXBuildFile; fileRef = D570E39C250C832100019C4E /* ContactCell.swift */; };
		D570E39F250C850E00019C4E /* ContactViewModel.swift in Sources */ = {isa = PBXBuildFile; fileRef = D570E39E250C850E00019C4E /* ContactViewModel.swift */; };
		D570E3A1250C85A300019C4E /* ContactViewController.swift in Sources */ = {isa = PBXBuildFile; fileRef = D570E3A0250C85A300019C4E /* ContactViewController.swift */; };
		D598E3B72507438300C124D8 /* ContentSearchViewModel.swift in Sources */ = {isa = PBXBuildFile; fileRef = D598E3B62507438300C124D8 /* ContentSearchViewModel.swift */; };
		D5A308AE24DC83C0005274B0 /* Ext.swift in Sources */ = {isa = PBXBuildFile; fileRef = D5A308AD24DC83C0005274B0 /* Ext.swift */; };
		D5A3486824F03BA50074B85C /* ContentDetailViewController.swift in Sources */ = {isa = PBXBuildFile; fileRef = D5A3486724F03BA50074B85C /* ContentDetailViewController.swift */; };
		D5A3486B24F041360074B85C /* ContentDetailCell.swift in Sources */ = {isa = PBXBuildFile; fileRef = D5A3486A24F041360074B85C /* ContentDetailCell.swift */; };
		D5B2D41C24F8AEA2003C8037 /* LanguageCell.swift in Sources */ = {isa = PBXBuildFile; fileRef = D5B2D41B24F8AEA2003C8037 /* LanguageCell.swift */; };
		D5B2D41E24F8B152003C8037 /* LanguageSelectionViewModel.swift in Sources */ = {isa = PBXBuildFile; fileRef = D5B2D41D24F8B152003C8037 /* LanguageSelectionViewModel.swift */; };
		D5B2D42024F8B1EB003C8037 /* ListViewModel.swift in Sources */ = {isa = PBXBuildFile; fileRef = D5B2D41F24F8B1EB003C8037 /* ListViewModel.swift */; };
		D5B47BEA24D58CD3002348E7 /* AppDelegate.swift in Sources */ = {isa = PBXBuildFile; fileRef = D5B47BE924D58CD3002348E7 /* AppDelegate.swift */; };
		D5B47BEC24D58CD3002348E7 /* SceneDelegate.swift in Sources */ = {isa = PBXBuildFile; fileRef = D5B47BEB24D58CD3002348E7 /* SceneDelegate.swift */; };
		D5B47BEE24D58CD3002348E7 /* ViewController.swift in Sources */ = {isa = PBXBuildFile; fileRef = D5B47BED24D58CD3002348E7 /* ViewController.swift */; };
		D5B47BF324D58CD7002348E7 /* Assets.xcassets in Resources */ = {isa = PBXBuildFile; fileRef = D5B47BF224D58CD7002348E7 /* Assets.xcassets */; };
		D5B47BF624D58CD7002348E7 /* LaunchScreen.storyboard in Resources */ = {isa = PBXBuildFile; fileRef = D5B47BF424D58CD7002348E7 /* LaunchScreen.storyboard */; };
/* End PBXBuildFile section */

/* Begin PBXFileReference section */
		05A668DA64B8F02E6D829084 /* Pods-Kaung Rwai.debug.xcconfig */ = {isa = PBXFileReference; includeInIndex = 1; lastKnownFileType = text.xcconfig; name = "Pods-Kaung Rwai.debug.xcconfig"; path = "Target Support Files/Pods-Kaung Rwai/Pods-Kaung Rwai.debug.xcconfig"; sourceTree = "<group>"; };
		2235F2CFEC21FEA3B88DBE63 /* Pods_VotingGuideTests.framework */ = {isa = PBXFileReference; explicitFileType = wrapper.framework; includeInIndex = 0; path = Pods_VotingGuideTests.framework; sourceTree = BUILT_PRODUCTS_DIR; };
		42227D76B9F5C80A0D89D852 /* Pods_Kaung_Rwai.framework */ = {isa = PBXFileReference; explicitFileType = wrapper.framework; includeInIndex = 0; path = Pods_Kaung_Rwai.framework; sourceTree = BUILT_PRODUCTS_DIR; };
		BF2A8DB3D16C0E95C2B2DBA6 /* Pods-Kaung Rwai.release.xcconfig */ = {isa = PBXFileReference; includeInIndex = 1; lastKnownFileType = text.xcconfig; name = "Pods-Kaung Rwai.release.xcconfig"; path = "Target Support Files/Pods-Kaung Rwai/Pods-Kaung Rwai.release.xcconfig"; sourceTree = "<group>"; };
		D5138E882502193700738673 /* SettingViewController.swift */ = {isa = PBXFileReference; lastKnownFileType = sourcecode.swift; path = SettingViewController.swift; sourceTree = "<group>"; };
		D5138E8A25021AA000738673 /* LanguageCell2.swift */ = {isa = PBXFileReference; lastKnownFileType = sourcecode.swift; path = LanguageCell2.swift; sourceTree = "<group>"; };
		D51CBE66250542F200D1E4DE /* ContentSearchViewController.swift */ = {isa = PBXFileReference; lastKnownFileType = sourcecode.swift; path = ContentSearchViewController.swift; sourceTree = "<group>"; };
		D529A07024E7D35000D88294 /* ViewControllerExt.swift */ = {isa = PBXFileReference; lastKnownFileType = sourcecode.swift; path = ViewControllerExt.swift; sourceTree = "<group>"; };
		D52AF42224E2F7B9003C9874 /* MainViewController.swift */ = {isa = PBXFileReference; lastKnownFileType = sourcecode.swift; path = MainViewController.swift; sourceTree = "<group>"; };
		D53CAE5B24F79F8400004F9C /* UserDefaultManager.swift */ = {isa = PBXFileReference; lastKnownFileType = sourcecode.swift; path = UserDefaultManager.swift; sourceTree = "<group>"; };
		D53CAE5E24F7A11D00004F9C /* LanguageSelectionViewController.swift */ = {isa = PBXFileReference; lastKnownFileType = sourcecode.swift; path = LanguageSelectionViewController.swift; sourceTree = "<group>"; };
		D546866024EACFCD00CADCE0 /* ResponseContent.swift */ = {isa = PBXFileReference; lastKnownFileType = sourcecode.swift; path = ResponseContent.swift; sourceTree = "<group>"; };
		D546866324EAD31F00CADCE0 /* Request.swift */ = {isa = PBXFileReference; lastKnownFileType = sourcecode.swift; path = Request.swift; sourceTree = "<group>"; };
		D546866624EAD4D400CADCE0 /* ContentCell.swift */ = {isa = PBXFileReference; lastKnownFileType = sourcecode.swift; path = ContentCell.swift; sourceTree = "<group>"; };
		D546866824EAE78900CADCE0 /* ContentViewModel.swift */ = {isa = PBXFileReference; lastKnownFileType = sourcecode.swift; path = ContentViewModel.swift; sourceTree = "<group>"; };
		D546866A24EAE82B00CADCE0 /* ContentViewController.swift */ = {isa = PBXFileReference; lastKnownFileType = sourcecode.swift; path = ContentViewController.swift; sourceTree = "<group>"; };
		D54D422D24FBA97A00D72B19 /* PhotoViewController.swift */ = {isa = PBXFileReference; lastKnownFileType = sourcecode.swift; path = PhotoViewController.swift; sourceTree = "<group>"; };
		D54D422F24FBAF6600D72B19 /* PhotoCell.swift */ = {isa = PBXFileReference; lastKnownFileType = sourcecode.swift; path = PhotoCell.swift; sourceTree = "<group>"; };
		D556213324E8352F0081655D /* BaseRequest.swift */ = {isa = PBXFileReference; lastKnownFileType = sourcecode.swift; path = BaseRequest.swift; sourceTree = "<group>"; };
		D556213624E835650081655D /* Constants.swift */ = {isa = PBXFileReference; lastKnownFileType = sourcecode.swift; path = Constants.swift; sourceTree = "<group>"; };
		D556213824E837B10081655D /* RequestManager.swift */ = {isa = PBXFileReference; lastKnownFileType = sourcecode.swift; path = RequestManager.swift; sourceTree = "<group>"; };
		D556213A24E837DA0081655D /* ApiService.swift */ = {isa = PBXFileReference; lastKnownFileType = sourcecode.swift; path = ApiService.swift; sourceTree = "<group>"; };
		D556213D24E838860081655D /* ResponseImageSet.swift */ = {isa = PBXFileReference; lastKnownFileType = sourcecode.swift; path = ResponseImageSet.swift; sourceTree = "<group>"; };
		D556213F24E839720081655D /* ResponseLanguage.swift */ = {isa = PBXFileReference; lastKnownFileType = sourcecode.swift; path = ResponseLanguage.swift; sourceTree = "<group>"; };
		D556214124E83C480081655D /* List.swift */ = {isa = PBXFileReference; lastKnownFileType = sourcecode.swift; path = List.swift; sourceTree = "<group>"; };
		D556214524E8409D0081655D /* VotingGuideViewController.swift */ = {isa = PBXFileReference; lastKnownFileType = sourcecode.swift; path = VotingGuideViewController.swift; sourceTree = "<group>"; };
		D556214724E840B90081655D /* InfiniteCollectionViewController.swift */ = {isa = PBXFileReference; lastKnownFileType = sourcecode.swift; path = InfiniteCollectionViewController.swift; sourceTree = "<group>"; };
		D556214924E840E60081655D /* InfiniteListDelegate.swift */ = {isa = PBXFileReference; lastKnownFileType = sourcecode.swift; path = InfiniteListDelegate.swift; sourceTree = "<group>"; };
		D556214C24E841B20081655D /* LoadingCell.swift */ = {isa = PBXFileReference; fileEncoding = 4; lastKnownFileType = sourcecode.swift; path = LoadingCell.swift; sourceTree = "<group>"; };
		D556214D24E841B20081655D /* EndCell.swift */ = {isa = PBXFileReference; fileEncoding = 4; lastKnownFileType = sourcecode.swift; path = EndCell.swift; sourceTree = "<group>"; };
		D556214E24E841B20081655D /* ErrorCell.swift */ = {isa = PBXFileReference; fileEncoding = 4; lastKnownFileType = sourcecode.swift; path = ErrorCell.swift; sourceTree = "<group>"; };
		D556215224E8426F0081655D /* InfiniteListViewModel.swift */ = {isa = PBXFileReference; lastKnownFileType = sourcecode.swift; path = InfiniteListViewModel.swift; sourceTree = "<group>"; };
		D556215424E842850081655D /* Paging.swift */ = {isa = PBXFileReference; lastKnownFileType = sourcecode.swift; path = Paging.swift; sourceTree = "<group>"; };
		D556215624E843280081655D /* GalleryViewController.swift */ = {isa = PBXFileReference; lastKnownFileType = sourcecode.swift; path = GalleryViewController.swift; sourceTree = "<group>"; };
		D556215924E8442F0081655D /* ImageSetCell.swift */ = {isa = PBXFileReference; lastKnownFileType = sourcecode.swift; path = ImageSetCell.swift; sourceTree = "<group>"; };
		D556215B24E8456B0081655D /* GalleryViewModel.swift */ = {isa = PBXFileReference; lastKnownFileType = sourcecode.swift; path = GalleryViewModel.swift; sourceTree = "<group>"; };
		D56AD06124ED8268009D59FA /* BaseChildViewController.swift */ = {isa = PBXFileReference; lastKnownFileType = sourcecode.swift; path = BaseChildViewController.swift; sourceTree = "<group>"; };
		D56CB98D24F96199009FA5D5 /* ResponseContact.swift */ = {isa = PBXFileReference; lastKnownFileType = sourcecode.swift; path = ResponseContact.swift; sourceTree = "<group>"; };
		D56CB99024F96980009FA5D5 /* MenuViewController.swift */ = {isa = PBXFileReference; lastKnownFileType = sourcecode.swift; path = MenuViewController.swift; sourceTree = "<group>"; };
		D570E39C250C832100019C4E /* ContactCell.swift */ = {isa = PBXFileReference; lastKnownFileType = sourcecode.swift; path = ContactCell.swift; sourceTree = "<group>"; };
		D570E39E250C850E00019C4E /* ContactViewModel.swift */ = {isa = PBXFileReference; lastKnownFileType = sourcecode.swift; path = ContactViewModel.swift; sourceTree = "<group>"; };
		D570E3A0250C85A300019C4E /* ContactViewController.swift */ = {isa = PBXFileReference; lastKnownFileType = sourcecode.swift; path = ContactViewController.swift; sourceTree = "<group>"; };
		D598E3B62507438300C124D8 /* ContentSearchViewModel.swift */ = {isa = PBXFileReference; lastKnownFileType = sourcecode.swift; path = ContentSearchViewModel.swift; sourceTree = "<group>"; };
		D5A308AD24DC83C0005274B0 /* Ext.swift */ = {isa = PBXFileReference; lastKnownFileType = sourcecode.swift; path = Ext.swift; sourceTree = "<group>"; };
		D5A3486724F03BA50074B85C /* ContentDetailViewController.swift */ = {isa = PBXFileReference; lastKnownFileType = sourcecode.swift; path = ContentDetailViewController.swift; sourceTree = "<group>"; };
		D5A3486A24F041360074B85C /* ContentDetailCell.swift */ = {isa = PBXFileReference; lastKnownFileType = sourcecode.swift; path = ContentDetailCell.swift; sourceTree = "<group>"; };
		D5B2D41B24F8AEA2003C8037 /* LanguageCell.swift */ = {isa = PBXFileReference; lastKnownFileType = sourcecode.swift; path = LanguageCell.swift; sourceTree = "<group>"; };
		D5B2D41D24F8B152003C8037 /* LanguageSelectionViewModel.swift */ = {isa = PBXFileReference; lastKnownFileType = sourcecode.swift; path = LanguageSelectionViewModel.swift; sourceTree = "<group>"; };
		D5B2D41F24F8B1EB003C8037 /* ListViewModel.swift */ = {isa = PBXFileReference; lastKnownFileType = sourcecode.swift; path = ListViewModel.swift; sourceTree = "<group>"; };
		D5B47BE624D58CD3002348E7 /* Kaung Rwai.app */ = {isa = PBXFileReference; explicitFileType = wrapper.application; includeInIndex = 0; path = "Kaung Rwai.app"; sourceTree = BUILT_PRODUCTS_DIR; };
		D5B47BE924D58CD3002348E7 /* AppDelegate.swift */ = {isa = PBXFileReference; lastKnownFileType = sourcecode.swift; path = AppDelegate.swift; sourceTree = "<group>"; };
		D5B47BEB24D58CD3002348E7 /* SceneDelegate.swift */ = {isa = PBXFileReference; lastKnownFileType = sourcecode.swift; path = SceneDelegate.swift; sourceTree = "<group>"; };
		D5B47BED24D58CD3002348E7 /* ViewController.swift */ = {isa = PBXFileReference; lastKnownFileType = sourcecode.swift; path = ViewController.swift; sourceTree = "<group>"; };
		D5B47BF224D58CD7002348E7 /* Assets.xcassets */ = {isa = PBXFileReference; lastKnownFileType = folder.assetcatalog; path = Assets.xcassets; sourceTree = "<group>"; };
		D5B47BF524D58CD7002348E7 /* Base */ = {isa = PBXFileReference; lastKnownFileType = file.storyboard; name = Base; path = Base.lproj/LaunchScreen.storyboard; sourceTree = "<group>"; };
		D5B47BF724D58CD7002348E7 /* Info.plist */ = {isa = PBXFileReference; lastKnownFileType = text.plist.xml; path = Info.plist; sourceTree = "<group>"; };
		D5B47C0024D58CD7002348E7 /* VotingGuideTests.swift */ = {isa = PBXFileReference; lastKnownFileType = sourcecode.swift; path = VotingGuideTests.swift; sourceTree = "<group>"; };
		D5B47C0224D58CD7002348E7 /* Info.plist */ = {isa = PBXFileReference; lastKnownFileType = text.plist.xml; path = Info.plist; sourceTree = "<group>"; };
		D5B47C0B24D58CD7002348E7 /* VotingGuideUITests.swift */ = {isa = PBXFileReference; lastKnownFileType = sourcecode.swift; path = VotingGuideUITests.swift; sourceTree = "<group>"; };
		D5B47C0D24D58CD7002348E7 /* Info.plist */ = {isa = PBXFileReference; lastKnownFileType = text.plist.xml; path = Info.plist; sourceTree = "<group>"; };
		E222334AAEA4D7E61CA43B3B /* Pods_VotingGuide_VotingGuideUITests.framework */ = {isa = PBXFileReference; explicitFileType = wrapper.framework; includeInIndex = 0; path = Pods_VotingGuide_VotingGuideUITests.framework; sourceTree = BUILT_PRODUCTS_DIR; };
/* End PBXFileReference section */

/* Begin PBXFrameworksBuildPhase section */
		D5B47BE324D58CD3002348E7 /* Frameworks */ = {
			isa = PBXFrameworksBuildPhase;
			buildActionMask = 2147483647;
			files = (
				7382A08EE84E97E7DA11EA56 /* Pods_Kaung_Rwai.framework in Frameworks */,
			);
			runOnlyForDeploymentPostprocessing = 0;
		};
/* End PBXFrameworksBuildPhase section */

/* Begin PBXGroup section */
		803546757726F8DD53EE552A /* Pods */ = {
			isa = PBXGroup;
			children = (
				05A668DA64B8F02E6D829084 /* Pods-Kaung Rwai.debug.xcconfig */,
				BF2A8DB3D16C0E95C2B2DBA6 /* Pods-Kaung Rwai.release.xcconfig */,
			);
			path = Pods;
			sourceTree = "<group>";
		};
		D5138E862502192100738673 /* Setting */ = {
			isa = PBXGroup;
			children = (
				D5138E882502193700738673 /* SettingViewController.swift */,
				D5138E8A25021AA000738673 /* LanguageCell2.swift */,
			);
			path = Setting;
			sourceTree = "<group>";
		};
		D5138E872502192900738673 /* Contact */ = {
			isa = PBXGroup;
			children = (
				D570E39C250C832100019C4E /* ContactCell.swift */,
				D570E39E250C850E00019C4E /* ContactViewModel.swift */,
				D570E3A0250C85A300019C4E /* ContactViewController.swift */,
			);
			path = Contact;
			sourceTree = "<group>";
		};
		D51CBE65250542E400D1E4DE /* search */ = {
			isa = PBXGroup;
			children = (
				D51CBE66250542F200D1E4DE /* ContentSearchViewController.swift */,
				D598E3B62507438300C124D8 /* ContentSearchViewModel.swift */,
			);
			path = search;
			sourceTree = "<group>";
		};
		D53CAE5A24F79F6300004F9C /* UserDefault */ = {
			isa = PBXGroup;
			children = (
				D53CAE5B24F79F8400004F9C /* UserDefaultManager.swift */,
			);
			path = UserDefault;
			sourceTree = "<group>";
		};
		D53CAE5D24F7A10B00004F9C /* Language+Onboarding */ = {
			isa = PBXGroup;
			children = (
				D5B2D41B24F8AEA2003C8037 /* LanguageCell.swift */,
				D53CAE5E24F7A11D00004F9C /* LanguageSelectionViewController.swift */,
				D5B2D41D24F8B152003C8037 /* LanguageSelectionViewModel.swift */,
			);
			path = "Language+Onboarding";
			sourceTree = "<group>";
		};
		D546866224EAD31100CADCE0 /* Request */ = {
			isa = PBXGroup;
			children = (
				D546866324EAD31F00CADCE0 /* Request.swift */,
			);
			path = Request;
			sourceTree = "<group>";
		};
		D546866524EAD4B300CADCE0 /* Content */ = {
			isa = PBXGroup;
			children = (
				D51CBE65250542E400D1E4DE /* search */,
				D5A3486924F0411D0074B85C /* detail */,
				D546866624EAD4D400CADCE0 /* ContentCell.swift */,
				D546866A24EAE82B00CADCE0 /* ContentViewController.swift */,
				D546866824EAE78900CADCE0 /* ContentViewModel.swift */,
			);
			path = Content;
			sourceTree = "<group>";
		};
		D556213224E834D90081655D /* Remote */ = {
			isa = PBXGroup;
			children = (
				D556213324E8352F0081655D /* BaseRequest.swift */,
				D556213824E837B10081655D /* RequestManager.swift */,
				D556213A24E837DA0081655D /* ApiService.swift */,
			);
			path = Remote;
			sourceTree = "<group>";
		};
		D556213524E8354D0081655D /* AppConstants + Endpoints */ = {
			isa = PBXGroup;
			children = (
				D556213624E835650081655D /* Constants.swift */,
			);
			path = "AppConstants + Endpoints";
			sourceTree = "<group>";
		};
		D556213C24E838760081655D /* Response */ = {
			isa = PBXGroup;
			children = (
				D556213D24E838860081655D /* ResponseImageSet.swift */,
				D556213F24E839720081655D /* ResponseLanguage.swift */,
				D546866024EACFCD00CADCE0 /* ResponseContent.swift */,
				D56CB98D24F96199009FA5D5 /* ResponseContact.swift */,
			);
			path = Response;
			sourceTree = "<group>";
		};
		D556214324E840680081655D /* UIViews */ = {
			isa = PBXGroup;
			children = (
				D556214424E8407E0081655D /* Base */,
				D556214B24E8414A0081655D /* Cells */,
			);
			path = UIViews;
			sourceTree = "<group>";
		};
		D556214424E8407E0081655D /* Base */ = {
			isa = PBXGroup;
			children = (
				D56AD06124ED8268009D59FA /* BaseChildViewController.swift */,
				D556214724E840B90081655D /* InfiniteCollectionViewController.swift */,
				D556214924E840E60081655D /* InfiniteListDelegate.swift */,
				D556215224E8426F0081655D /* InfiniteListViewModel.swift */,
				D5B2D41F24F8B1EB003C8037 /* ListViewModel.swift */,
				D556214524E8409D0081655D /* VotingGuideViewController.swift */,
			);
			path = Base;
			sourceTree = "<group>";
		};
		D556214B24E8414A0081655D /* Cells */ = {
			isa = PBXGroup;
			children = (
				D556214D24E841B20081655D /* EndCell.swift */,
				D556214E24E841B20081655D /* ErrorCell.swift */,
				D556214C24E841B20081655D /* LoadingCell.swift */,
			);
			path = Cells;
			sourceTree = "<group>";
		};
		D556215824E843C80081655D /* Gallery */ = {
			isa = PBXGroup;
			children = (
				D556215624E843280081655D /* GalleryViewController.swift */,
				D556215B24E8456B0081655D /* GalleryViewModel.swift */,
				D556215924E8442F0081655D /* ImageSetCell.swift */,
				D54D422F24FBAF6600D72B19 /* PhotoCell.swift */,
			);
			path = Gallery;
			sourceTree = "<group>";
		};
		D56CB98F24F9692D009FA5D5 /* Menu */ = {
			isa = PBXGroup;
			children = (
				D5138E872502192900738673 /* Contact */,
				D5138E862502192100738673 /* Setting */,
				D56CB99024F96980009FA5D5 /* MenuViewController.swift */,
			);
			path = Menu;
			sourceTree = "<group>";
		};
		D5A3486924F0411D0074B85C /* detail */ = {
			isa = PBXGroup;
			children = (
				D5A3486724F03BA50074B85C /* ContentDetailViewController.swift */,
				D5A3486A24F041360074B85C /* ContentDetailCell.swift */,
			);
			path = detail;
			sourceTree = "<group>";
		};
		D5B47BDD24D58CD3002348E7 = {
			isa = PBXGroup;
			children = (
				D5B47BE824D58CD3002348E7 /* VotingGuide */,
				D5B47BFF24D58CD7002348E7 /* VotingGuideTests */,
				D5B47C0A24D58CD7002348E7 /* VotingGuideUITests */,
				D5B47BE724D58CD3002348E7 /* Products */,
				803546757726F8DD53EE552A /* Pods */,
				F22FE5F371090C82F6D552E7 /* Frameworks */,
			);
			sourceTree = "<group>";
		};
		D5B47BE724D58CD3002348E7 /* Products */ = {
			isa = PBXGroup;
			children = (
				D5B47BE624D58CD3002348E7 /* Kaung Rwai.app */,
			);
			name = Products;
			sourceTree = "<group>";
		};
		D5B47BE824D58CD3002348E7 /* VotingGuide */ = {
			isa = PBXGroup;
			children = (
				D556213524E8354D0081655D /* AppConstants + Endpoints */,
				D5B47C1D24D596B0002348E7 /* AppDelegate */,
				D5B47C1B24D5968C002348E7 /* Extension */,
				D5B47C1C24D5969C002348E7 /* Model */,
				D556213224E834D90081655D /* Remote */,
				D5B47C1924D59673002348E7 /* Resource */,
				D556214324E840680081655D /* UIViews */,
				D53CAE5A24F79F6300004F9C /* UserDefault */,
				D5B47C1A24D5967E002348E7 /* View Controllers */,
			);
			path = VotingGuide;
			sourceTree = "<group>";
		};
		D5B47BFF24D58CD7002348E7 /* VotingGuideTests */ = {
			isa = PBXGroup;
			children = (
				D5B47C0024D58CD7002348E7 /* VotingGuideTests.swift */,
				D5B47C0224D58CD7002348E7 /* Info.plist */,
			);
			path = VotingGuideTests;
			sourceTree = "<group>";
		};
		D5B47C0A24D58CD7002348E7 /* VotingGuideUITests */ = {
			isa = PBXGroup;
			children = (
				D5B47C0B24D58CD7002348E7 /* VotingGuideUITests.swift */,
				D5B47C0D24D58CD7002348E7 /* Info.plist */,
			);
			path = VotingGuideUITests;
			sourceTree = "<group>";
		};
		D5B47C1924D59673002348E7 /* Resource */ = {
			isa = PBXGroup;
			children = (
				D5B47BF224D58CD7002348E7 /* Assets.xcassets */,
				D5B47BF724D58CD7002348E7 /* Info.plist */,
				D5B47BF424D58CD7002348E7 /* LaunchScreen.storyboard */,
			);
			path = Resource;
			sourceTree = "<group>";
		};
		D5B47C1A24D5967E002348E7 /* View Controllers */ = {
			isa = PBXGroup;
			children = (
				D56CB98F24F9692D009FA5D5 /* Menu */,
				D53CAE5D24F7A10B00004F9C /* Language+Onboarding */,
				D546866524EAD4B300CADCE0 /* Content */,
				D556215824E843C80081655D /* Gallery */,
				D5B47BED24D58CD3002348E7 /* ViewController.swift */,
				D52AF42224E2F7B9003C9874 /* MainViewController.swift */,
				D54D422D24FBA97A00D72B19 /* PhotoViewController.swift */,
			);
			path = "View Controllers";
			sourceTree = "<group>";
		};
		D5B47C1B24D5968C002348E7 /* Extension */ = {
			isa = PBXGroup;
			children = (
				D5A308AD24DC83C0005274B0 /* Ext.swift */,
				D529A07024E7D35000D88294 /* ViewControllerExt.swift */,
			);
			path = Extension;
			sourceTree = "<group>";
		};
		D5B47C1C24D5969C002348E7 /* Model */ = {
			isa = PBXGroup;
			children = (
				D556214124E83C480081655D /* List.swift */,
				D556215424E842850081655D /* Paging.swift */,
				D546866224EAD31100CADCE0 /* Request */,
				D556213C24E838760081655D /* Response */,
			);
			path = Model;
			sourceTree = "<group>";
		};
		D5B47C1D24D596B0002348E7 /* AppDelegate */ = {
			isa = PBXGroup;
			children = (
				D5B47BE924D58CD3002348E7 /* AppDelegate.swift */,
				D5B47BEB24D58CD3002348E7 /* SceneDelegate.swift */,
			);
			path = AppDelegate;
			sourceTree = "<group>";
		};
		F22FE5F371090C82F6D552E7 /* Frameworks */ = {
			isa = PBXGroup;
			children = (
				E222334AAEA4D7E61CA43B3B /* Pods_VotingGuide_VotingGuideUITests.framework */,
				2235F2CFEC21FEA3B88DBE63 /* Pods_VotingGuideTests.framework */,
				42227D76B9F5C80A0D89D852 /* Pods_Kaung_Rwai.framework */,
			);
			name = Frameworks;
			sourceTree = "<group>";
		};
/* End PBXGroup section */

/* Begin PBXNativeTarget section */
		D5B47BE524D58CD3002348E7 /* Kaung Rwai */ = {
			isa = PBXNativeTarget;
			buildConfigurationList = D5B47C1024D58CD7002348E7 /* Build configuration list for PBXNativeTarget "Kaung Rwai" */;
			buildPhases = (
				3E11524409192867525E26E7 /* [CP] Check Pods Manifest.lock */,
				D5B47BE224D58CD3002348E7 /* Sources */,
				D5B47BE324D58CD3002348E7 /* Frameworks */,
				D5B47BE424D58CD3002348E7 /* Resources */,
				410745E7DF2F7FD7F5D49BD7 /* [CP] Embed Pods Frameworks */,
			);
			buildRules = (
			);
			dependencies = (
			);
			name = "Kaung Rwai";
			productName = VotingGuide;
			productReference = D5B47BE624D58CD3002348E7 /* Kaung Rwai.app */;
			productType = "com.apple.product-type.application";
		};
/* End PBXNativeTarget section */

/* Begin PBXProject section */
		D5B47BDE24D58CD3002348E7 /* Project object */ = {
			isa = PBXProject;
			attributes = {
				LastSwiftUpdateCheck = 1160;
				LastUpgradeCheck = 1200;
				ORGANIZATIONNAME = "Ko Ko Aye";
				TargetAttributes = {
					D5B47BE524D58CD3002348E7 = {
						CreatedOnToolsVersion = 11.6;
					};
				};
			};
			buildConfigurationList = D5B47BE124D58CD3002348E7 /* Build configuration list for PBXProject "Kaung Rwai" */;
			compatibilityVersion = "Xcode 12.0";
			developmentRegion = en;
			hasScannedForEncodings = 0;
			knownRegions = (
				en,
				Base,
			);
			mainGroup = D5B47BDD24D58CD3002348E7;
			productRefGroup = D5B47BE724D58CD3002348E7 /* Products */;
			projectDirPath = "";
			projectRoot = "";
			targets = (
				D5B47BE524D58CD3002348E7 /* Kaung Rwai */,
			);
		};
/* End PBXProject section */

/* Begin PBXResourcesBuildPhase section */
		D5B47BE424D58CD3002348E7 /* Resources */ = {
			isa = PBXResourcesBuildPhase;
			buildActionMask = 2147483647;
			files = (
				D5B47BF624D58CD7002348E7 /* LaunchScreen.storyboard in Resources */,
				D5B47BF324D58CD7002348E7 /* Assets.xcassets in Resources */,
			);
			runOnlyForDeploymentPostprocessing = 0;
		};
/* End PBXResourcesBuildPhase section */

/* Begin PBXShellScriptBuildPhase section */
		3E11524409192867525E26E7 /* [CP] Check Pods Manifest.lock */ = {
			isa = PBXShellScriptBuildPhase;
			buildActionMask = 2147483647;
			files = (
			);
			inputFileListPaths = (
			);
			inputPaths = (
				"${PODS_PODFILE_DIR_PATH}/Podfile.lock",
				"${PODS_ROOT}/Manifest.lock",
			);
			name = "[CP] Check Pods Manifest.lock";
			outputFileListPaths = (
			);
			outputPaths = (
				"$(DERIVED_FILE_DIR)/Pods-Kaung Rwai-checkManifestLockResult.txt",
			);
			runOnlyForDeploymentPostprocessing = 0;
			shellPath = /bin/sh;
			shellScript = "diff \"${PODS_PODFILE_DIR_PATH}/Podfile.lock\" \"${PODS_ROOT}/Manifest.lock\" > /dev/null\nif [ $? != 0 ] ; then\n    # print error to STDERR\n    echo \"error: The sandbox is not in sync with the Podfile.lock. Run 'pod install' or update your CocoaPods installation.\" >&2\n    exit 1\nfi\n# This output is used by Xcode 'outputs' to avoid re-running this script phase.\necho \"SUCCESS\" > \"${SCRIPT_OUTPUT_FILE_0}\"\n";
			showEnvVarsInLog = 0;
		};
		410745E7DF2F7FD7F5D49BD7 /* [CP] Embed Pods Frameworks */ = {
			isa = PBXShellScriptBuildPhase;
			buildActionMask = 2147483647;
			files = (
			);
			inputFileListPaths = (
				"${PODS_ROOT}/Target Support Files/Pods-Kaung Rwai/Pods-Kaung Rwai-frameworks-${CONFIGURATION}-input-files.xcfilelist",
			);
			name = "[CP] Embed Pods Frameworks";
			outputFileListPaths = (
				"${PODS_ROOT}/Target Support Files/Pods-Kaung Rwai/Pods-Kaung Rwai-frameworks-${CONFIGURATION}-output-files.xcfilelist",
			);
			runOnlyForDeploymentPostprocessing = 0;
			shellPath = /bin/sh;
			shellScript = "\"${PODS_ROOT}/Target Support Files/Pods-Kaung Rwai/Pods-Kaung Rwai-frameworks.sh\"\n";
			showEnvVarsInLog = 0;
		};
/* End PBXShellScriptBuildPhase section */

/* Begin PBXSourcesBuildPhase section */
		D5B47BE224D58CD3002348E7 /* Sources */ = {
			isa = PBXSourcesBuildPhase;
			buildActionMask = 2147483647;
			files = (
				D5A3486B24F041360074B85C /* ContentDetailCell.swift in Sources */,
				D556214024E839720081655D /* ResponseLanguage.swift in Sources */,
				D546866424EAD31F00CADCE0 /* Request.swift in Sources */,
				D529A07124E7D35000D88294 /* ViewControllerExt.swift in Sources */,
				D556214A24E840E60081655D /* InfiniteListDelegate.swift in Sources */,
				D556214824E840B90081655D /* InfiniteCollectionViewController.swift in Sources */,
				D5B47BEE24D58CD3002348E7 /* ViewController.swift in Sources */,
				D56CB99124F96980009FA5D5 /* MenuViewController.swift in Sources */,
				D5138E8B25021AA000738673 /* LanguageCell2.swift in Sources */,
				D5A308AE24DC83C0005274B0 /* Ext.swift in Sources */,
				D556215124E841B20081655D /* ErrorCell.swift in Sources */,
				D556215A24E8442F0081655D /* ImageSetCell.swift in Sources */,
				D556215724E843280081655D /* GalleryViewController.swift in Sources */,
				D56AD06224ED8268009D59FA /* BaseChildViewController.swift in Sources */,
				D556214624E8409D0081655D /* VotingGuideViewController.swift in Sources */,
				D556215024E841B20081655D /* EndCell.swift in Sources */,
				D556214224E83C480081655D /* List.swift in Sources */,
				D570E3A1250C85A300019C4E /* ContactViewController.swift in Sources */,
				D556213424E8352F0081655D /* BaseRequest.swift in Sources */,
				D556215C24E8456B0081655D /* GalleryViewModel.swift in Sources */,
				D56CB98E24F96199009FA5D5 /* ResponseContact.swift in Sources */,
				D570E39D250C832100019C4E /* ContactCell.swift in Sources */,
				D5A3486824F03BA50074B85C /* ContentDetailViewController.swift in Sources */,
				D598E3B72507438300C124D8 /* ContentSearchViewModel.swift in Sources */,
				D5B47BEA24D58CD3002348E7 /* AppDelegate.swift in Sources */,
				D5B47BEC24D58CD3002348E7 /* SceneDelegate.swift in Sources */,
				D556214F24E841B20081655D /* LoadingCell.swift in Sources */,
				D556213B24E837DA0081655D /* ApiService.swift in Sources */,
				D54D423024FBAF6600D72B19 /* PhotoCell.swift in Sources */,
				D546866124EACFCD00CADCE0 /* ResponseContent.swift in Sources */,
				D556213924E837B10081655D /* RequestManager.swift in Sources */,
				D570E39F250C850E00019C4E /* ContactViewModel.swift in Sources */,
				D5B2D41C24F8AEA2003C8037 /* LanguageCell.swift in Sources */,
				D546866724EAD4D400CADCE0 /* ContentCell.swift in Sources */,
				D556215324E8426F0081655D /* InfiniteListViewModel.swift in Sources */,
				D54D422E24FBA97A00D72B19 /* PhotoViewController.swift in Sources */,
				D51CBE67250542F200D1E4DE /* ContentSearchViewController.swift in Sources */,
				D52AF42324E2F7B9003C9874 /* MainViewController.swift in Sources */,
				D5138E892502193700738673 /* SettingViewController.swift in Sources */,
				D546866924EAE78900CADCE0 /* ContentViewModel.swift in Sources */,
				D556215524E842850081655D /* Paging.swift in Sources */,
				D546866B24EAE82B00CADCE0 /* ContentViewController.swift in Sources */,
				D556213724E835650081655D /* Constants.swift in Sources */,
				D5B2D41E24F8B152003C8037 /* LanguageSelectionViewModel.swift in Sources */,
				D5B2D42024F8B1EB003C8037 /* ListViewModel.swift in Sources */,
				D53CAE5C24F79F8400004F9C /* UserDefaultManager.swift in Sources */,
				D556213E24E838860081655D /* ResponseImageSet.swift in Sources */,
				D53CAE5F24F7A11D00004F9C /* LanguageSelectionViewController.swift in Sources */,
			);
			runOnlyForDeploymentPostprocessing = 0;
		};
/* End PBXSourcesBuildPhase section */

/* Begin PBXVariantGroup section */
		D5B47BF424D58CD7002348E7 /* LaunchScreen.storyboard */ = {
			isa = PBXVariantGroup;
			children = (
				D5B47BF524D58CD7002348E7 /* Base */,
			);
			name = LaunchScreen.storyboard;
			sourceTree = "<group>";
		};
/* End PBXVariantGroup section */

/* Begin XCBuildConfiguration section */
		D5B47C0E24D58CD7002348E7 /* Debug */ = {
			isa = XCBuildConfiguration;
			buildSettings = {
				ALWAYS_SEARCH_USER_PATHS = NO;
				CLANG_ANALYZER_NONNULL = YES;
				CLANG_ANALYZER_NUMBER_OBJECT_CONVERSION = YES_AGGRESSIVE;
				CLANG_CXX_LANGUAGE_STANDARD = "gnu++14";
				CLANG_CXX_LIBRARY = "libc++";
				CLANG_ENABLE_MODULES = YES;
				CLANG_ENABLE_OBJC_ARC = YES;
				CLANG_ENABLE_OBJC_WEAK = YES;
				CLANG_WARN_BLOCK_CAPTURE_AUTORELEASING = YES;
				CLANG_WARN_BOOL_CONVERSION = YES;
				CLANG_WARN_COMMA = YES;
				CLANG_WARN_CONSTANT_CONVERSION = YES;
				CLANG_WARN_DEPRECATED_OBJC_IMPLEMENTATIONS = YES;
				CLANG_WARN_DIRECT_OBJC_ISA_USAGE = YES_ERROR;
				CLANG_WARN_DOCUMENTATION_COMMENTS = YES;
				CLANG_WARN_EMPTY_BODY = YES;
				CLANG_WARN_ENUM_CONVERSION = YES;
				CLANG_WARN_INFINITE_RECURSION = YES;
				CLANG_WARN_INT_CONVERSION = YES;
				CLANG_WARN_NON_LITERAL_NULL_CONVERSION = YES;
				CLANG_WARN_OBJC_IMPLICIT_RETAIN_SELF = YES;
				CLANG_WARN_OBJC_LITERAL_CONVERSION = YES;
				CLANG_WARN_OBJC_ROOT_CLASS = YES_ERROR;
				CLANG_WARN_QUOTED_INCLUDE_IN_FRAMEWORK_HEADER = YES;
				CLANG_WARN_RANGE_LOOP_ANALYSIS = YES;
				CLANG_WARN_STRICT_PROTOTYPES = YES;
				CLANG_WARN_SUSPICIOUS_MOVE = YES;
				CLANG_WARN_UNGUARDED_AVAILABILITY = YES_AGGRESSIVE;
				CLANG_WARN_UNREACHABLE_CODE = YES;
				CLANG_WARN__DUPLICATE_METHOD_MATCH = YES;
				COPY_PHASE_STRIP = NO;
				DEBUG_INFORMATION_FORMAT = dwarf;
				ENABLE_STRICT_OBJC_MSGSEND = YES;
				ENABLE_TESTABILITY = YES;
				GCC_C_LANGUAGE_STANDARD = gnu11;
				GCC_DYNAMIC_NO_PIC = NO;
				GCC_NO_COMMON_BLOCKS = YES;
				GCC_OPTIMIZATION_LEVEL = 0;
				GCC_PREPROCESSOR_DEFINITIONS = (
					"DEBUG=1",
					"$(inherited)",
				);
				GCC_WARN_64_TO_32_BIT_CONVERSION = YES;
				GCC_WARN_ABOUT_RETURN_TYPE = YES_ERROR;
				GCC_WARN_UNDECLARED_SELECTOR = YES;
				GCC_WARN_UNINITIALIZED_AUTOS = YES_AGGRESSIVE;
				GCC_WARN_UNUSED_FUNCTION = YES;
				GCC_WARN_UNUSED_VARIABLE = YES;
				IPHONEOS_DEPLOYMENT_TARGET = 13.0;
				MTL_ENABLE_DEBUG_INFO = INCLUDE_SOURCE;
				MTL_FAST_MATH = YES;
				ONLY_ACTIVE_ARCH = YES;
				SDKROOT = iphoneos;
				SWIFT_ACTIVE_COMPILATION_CONDITIONS = DEBUG;
				SWIFT_OPTIMIZATION_LEVEL = "-Onone";
			};
			name = Debug;
		};
		D5B47C0F24D58CD7002348E7 /* Release */ = {
			isa = XCBuildConfiguration;
			buildSettings = {
				ALWAYS_SEARCH_USER_PATHS = NO;
				CLANG_ANALYZER_NONNULL = YES;
				CLANG_ANALYZER_NUMBER_OBJECT_CONVERSION = YES_AGGRESSIVE;
				CLANG_CXX_LANGUAGE_STANDARD = "gnu++14";
				CLANG_CXX_LIBRARY = "libc++";
				CLANG_ENABLE_MODULES = YES;
				CLANG_ENABLE_OBJC_ARC = YES;
				CLANG_ENABLE_OBJC_WEAK = YES;
				CLANG_WARN_BLOCK_CAPTURE_AUTORELEASING = YES;
				CLANG_WARN_BOOL_CONVERSION = YES;
				CLANG_WARN_COMMA = YES;
				CLANG_WARN_CONSTANT_CONVERSION = YES;
				CLANG_WARN_DEPRECATED_OBJC_IMPLEMENTATIONS = YES;
				CLANG_WARN_DIRECT_OBJC_ISA_USAGE = YES_ERROR;
				CLANG_WARN_DOCUMENTATION_COMMENTS = YES;
				CLANG_WARN_EMPTY_BODY = YES;
				CLANG_WARN_ENUM_CONVERSION = YES;
				CLANG_WARN_INFINITE_RECURSION = YES;
				CLANG_WARN_INT_CONVERSION = YES;
				CLANG_WARN_NON_LITERAL_NULL_CONVERSION = YES;
				CLANG_WARN_OBJC_IMPLICIT_RETAIN_SELF = YES;
				CLANG_WARN_OBJC_LITERAL_CONVERSION = YES;
				CLANG_WARN_OBJC_ROOT_CLASS = YES_ERROR;
				CLANG_WARN_QUOTED_INCLUDE_IN_FRAMEWORK_HEADER = YES;
				CLANG_WARN_RANGE_LOOP_ANALYSIS = YES;
				CLANG_WARN_STRICT_PROTOTYPES = YES;
				CLANG_WARN_SUSPICIOUS_MOVE = YES;
				CLANG_WARN_UNGUARDED_AVAILABILITY = YES_AGGRESSIVE;
				CLANG_WARN_UNREACHABLE_CODE = YES;
				CLANG_WARN__DUPLICATE_METHOD_MATCH = YES;
				COPY_PHASE_STRIP = NO;
				DEBUG_INFORMATION_FORMAT = "dwarf-with-dsym";
				ENABLE_NS_ASSERTIONS = NO;
				ENABLE_STRICT_OBJC_MSGSEND = YES;
				GCC_C_LANGUAGE_STANDARD = gnu11;
				GCC_NO_COMMON_BLOCKS = YES;
				GCC_WARN_64_TO_32_BIT_CONVERSION = YES;
				GCC_WARN_ABOUT_RETURN_TYPE = YES_ERROR;
				GCC_WARN_UNDECLARED_SELECTOR = YES;
				GCC_WARN_UNINITIALIZED_AUTOS = YES_AGGRESSIVE;
				GCC_WARN_UNUSED_FUNCTION = YES;
				GCC_WARN_UNUSED_VARIABLE = YES;
				IPHONEOS_DEPLOYMENT_TARGET = 13.0;
				MTL_ENABLE_DEBUG_INFO = NO;
				MTL_FAST_MATH = YES;
				ONLY_ACTIVE_ARCH = YES;
				SDKROOT = iphoneos;
				SWIFT_COMPILATION_MODE = wholemodule;
				SWIFT_OPTIMIZATION_LEVEL = "-O";
				VALIDATE_PRODUCT = YES;
			};
			name = Release;
		};
		D5B47C1124D58CD7002348E7 /* Debug */ = {
			isa = XCBuildConfiguration;
			baseConfigurationReference = 05A668DA64B8F02E6D829084 /* Pods-Kaung Rwai.debug.xcconfig */;
			buildSettings = {
				ASSETCATALOG_COMPILER_APPICON_NAME = AppIcon;
				CODE_SIGN_STYLE = Automatic;
				CURRENT_PROJECT_VERSION = 3;
				DEVELOPMENT_TEAM = 3CB3MPS7GA;
				INFOPLIST_FILE = VotingGuide/Resource/Info.plist;
				IPHONEOS_DEPLOYMENT_TARGET = 13.0;
				LD_RUNPATH_SEARCH_PATHS = (
					"$(inherited)",
					"@executable_path/Frameworks",
				);
				MARKETING_VERSION = 1.2;
				PRODUCT_BUNDLE_IDENTIFIER = com.hexamass.votingguide;
				PRODUCT_NAME = "$(TARGET_NAME)";
				SWIFT_VERSION = 5.0;
				TARGETED_DEVICE_FAMILY = "1,2";
			};
			name = Debug;
		};
		D5B47C1224D58CD7002348E7 /* Release */ = {
			isa = XCBuildConfiguration;
			baseConfigurationReference = BF2A8DB3D16C0E95C2B2DBA6 /* Pods-Kaung Rwai.release.xcconfig */;
			buildSettings = {
				ASSETCATALOG_COMPILER_APPICON_NAME = AppIcon;
				CODE_SIGN_STYLE = Automatic;
				CURRENT_PROJECT_VERSION = 3;
				DEVELOPMENT_TEAM = 3CB3MPS7GA;
				INFOPLIST_FILE = VotingGuide/Resource/Info.plist;
				IPHONEOS_DEPLOYMENT_TARGET = 13.0;
				LD_RUNPATH_SEARCH_PATHS = (
					"$(inherited)",
					"@executable_path/Frameworks",
				);
				MARKETING_VERSION = 1.2;
				PRODUCT_BUNDLE_IDENTIFIER = com.hexamass.votingguide;
				PRODUCT_NAME = "$(TARGET_NAME)";
				SWIFT_VERSION = 5.0;
				TARGETED_DEVICE_FAMILY = "1,2";
			};
			name = Release;
		};
/* End XCBuildConfiguration section */

/* Begin XCConfigurationList section */
		D5B47BE124D58CD3002348E7 /* Build configuration list for PBXProject "Kaung Rwai" */ = {
			isa = XCConfigurationList;
			buildConfigurations = (
				D5B47C0E24D58CD7002348E7 /* Debug */,
				D5B47C0F24D58CD7002348E7 /* Release */,
			);
			defaultConfigurationIsVisible = 0;
			defaultConfigurationName = Release;
		};
		D5B47C1024D58CD7002348E7 /* Build configuration list for PBXNativeTarget "Kaung Rwai" */ = {
			isa = XCConfigurationList;
			buildConfigurations = (
				D5B47C1124D58CD7002348E7 /* Debug */,
				D5B47C1224D58CD7002348E7 /* Release */,
			);
			defaultConfigurationIsVisible = 0;
			defaultConfigurationName = Release;
		};
/* End XCConfigurationList section */
	};
	rootObject = D5B47BDE24D58CD3002348E7 /* Project object */;
}
