// !$*UTF8*$!
{
	archiveVersion = 1;
	classes = {
	};
	objectVersion = 53;
	objects = {

/* Begin PBXBuildFile section */
		1E2404F6040A495CD3BAB1C3 /* Pods_VotingGuide.framework in Frameworks */ = {isa = PBXBuildFile; fileRef = 98013217765F2EA00C00CDB1 /* Pods_VotingGuide.framework */; };
		D5A308AE24DC83C0005274B0 /* Ext.swift in Sources */ = {isa = PBXBuildFile; fileRef = D5A308AD24DC83C0005274B0 /* Ext.swift */; };
		D5B47BEA24D58CD3002348E7 /* AppDelegate.swift in Sources */ = {isa = PBXBuildFile; fileRef = D5B47BE924D58CD3002348E7 /* AppDelegate.swift */; };
		D5B47BEC24D58CD3002348E7 /* SceneDelegate.swift in Sources */ = {isa = PBXBuildFile; fileRef = D5B47BEB24D58CD3002348E7 /* SceneDelegate.swift */; };
		D5B47BEE24D58CD3002348E7 /* ViewController.swift in Sources */ = {isa = PBXBuildFile; fileRef = D5B47BED24D58CD3002348E7 /* ViewController.swift */; };
		D5B47BF324D58CD7002348E7 /* Assets.xcassets in Resources */ = {isa = PBXBuildFile; fileRef = D5B47BF224D58CD7002348E7 /* Assets.xcassets */; };
		D5B47BF624D58CD7002348E7 /* LaunchScreen.storyboard in Resources */ = {isa = PBXBuildFile; fileRef = D5B47BF424D58CD7002348E7 /* LaunchScreen.storyboard */; };
/* End PBXBuildFile section */

/* Begin PBXFileReference section */
		165AE78728769D5D76C73324 /* Pods-VotingGuideTests.release.xcconfig */ = {isa = PBXFileReference; includeInIndex = 1; lastKnownFileType = text.xcconfig; name = "Pods-VotingGuideTests.release.xcconfig"; path = "Target Support Files/Pods-VotingGuideTests/Pods-VotingGuideTests.release.xcconfig"; sourceTree = "<group>"; };
		1C20FE3E4E1074EEA031C007 /* Pods-VotingGuide.release.xcconfig */ = {isa = PBXFileReference; includeInIndex = 1; lastKnownFileType = text.xcconfig; name = "Pods-VotingGuide.release.xcconfig"; path = "Target Support Files/Pods-VotingGuide/Pods-VotingGuide.release.xcconfig"; sourceTree = "<group>"; };
		2235F2CFEC21FEA3B88DBE63 /* Pods_VotingGuideTests.framework */ = {isa = PBXFileReference; explicitFileType = wrapper.framework; includeInIndex = 0; path = Pods_VotingGuideTests.framework; sourceTree = BUILT_PRODUCTS_DIR; };
		2C84F8EEF46363D18DE42336 /* Pods-VotingGuideTests.debug.xcconfig */ = {isa = PBXFileReference; includeInIndex = 1; lastKnownFileType = text.xcconfig; name = "Pods-VotingGuideTests.debug.xcconfig"; path = "Target Support Files/Pods-VotingGuideTests/Pods-VotingGuideTests.debug.xcconfig"; sourceTree = "<group>"; };
		98013217765F2EA00C00CDB1 /* Pods_VotingGuide.framework */ = {isa = PBXFileReference; explicitFileType = wrapper.framework; includeInIndex = 0; path = Pods_VotingGuide.framework; sourceTree = BUILT_PRODUCTS_DIR; };
		CC70F9CAE517A91796B80237 /* Pods-VotingGuide.debug.xcconfig */ = {isa = PBXFileReference; includeInIndex = 1; lastKnownFileType = text.xcconfig; name = "Pods-VotingGuide.debug.xcconfig"; path = "Target Support Files/Pods-VotingGuide/Pods-VotingGuide.debug.xcconfig"; sourceTree = "<group>"; };
		D5A308AD24DC83C0005274B0 /* Ext.swift */ = {isa = PBXFileReference; lastKnownFileType = sourcecode.swift; path = Ext.swift; sourceTree = "<group>"; };
		D5B47BE624D58CD3002348E7 /* VotingGuide.app */ = {isa = PBXFileReference; explicitFileType = wrapper.application; includeInIndex = 0; path = VotingGuide.app; sourceTree = BUILT_PRODUCTS_DIR; };
		D5B47BE924D58CD3002348E7 /* AppDelegate.swift */ = {isa = PBXFileReference; lastKnownFileType = sourcecode.swift; path = AppDelegate.swift; sourceTree = "<group>"; };
		D5B47BEB24D58CD3002348E7 /* SceneDelegate.swift */ = {isa = PBXFileReference; lastKnownFileType = sourcecode.swift; path = SceneDelegate.swift; sourceTree = "<group>"; };
		D5B47BED24D58CD3002348E7 /* ViewController.swift */ = {isa = PBXFileReference; lastKnownFileType = sourcecode.swift; path = ViewController.swift; sourceTree = "<group>"; };
		D5B47BF224D58CD7002348E7 /* Assets.xcassets */ = {isa = PBXFileReference; lastKnownFileType = folder.assetcatalog; path = Assets.xcassets; sourceTree = "<group>"; };
		D5B47BF524D58CD7002348E7 /* Base */ = {isa = PBXFileReference; lastKnownFileType = file.storyboard; name = Base; path = Base.lproj/LaunchScreen.storyboard; sourceTree = "<group>"; };
		D5B47BF724D58CD7002348E7 /* Info.plist */ = {isa = PBXFileReference; lastKnownFileType = text.plist.xml; path = Info.plist; sourceTree = "<group>"; };
		D5B47C0024D58CD7002348E7 /* VotingGuideTests.swift */ = {isa = PBXFileReference; lastKnownFileType = sourcecode.swift; path = VotingGuideTests.swift; sourceTree = "<group>"; };
		D5B47C0224D58CD7002348E7 /* Info.plist */ = {isa = PBXFileReference; lastKnownFileType = text.plist.xml; path = Info.plist; sourceTree = "<group>"; };
		D5B47C0B24D58CD7002348E7 /* VotingGuideUITests.swift */ = {isa = PBXFileReference; lastKnownFileType = sourcecode.swift; path = VotingGuideUITests.swift; sourceTree = "<group>"; };
		D5B47C0D24D58CD7002348E7 /* Info.plist */ = {isa = PBXFileReference; lastKnownFileType = text.plist.xml; path = Info.plist; sourceTree = "<group>"; };
		E222334AAEA4D7E61CA43B3B /* Pods_VotingGuide_VotingGuideUITests.framework */ = {isa = PBXFileReference; explicitFileType = wrapper.framework; includeInIndex = 0; path = Pods_VotingGuide_VotingGuideUITests.framework; sourceTree = BUILT_PRODUCTS_DIR; };
		E4DA95DE1DCA327BC0B666C7 /* Pods-VotingGuide-VotingGuideUITests.release.xcconfig */ = {isa = PBXFileReference; includeInIndex = 1; lastKnownFileType = text.xcconfig; name = "Pods-VotingGuide-VotingGuideUITests.release.xcconfig"; path = "Target Support Files/Pods-VotingGuide-VotingGuideUITests/Pods-VotingGuide-VotingGuideUITests.release.xcconfig"; sourceTree = "<group>"; };
		FDF84E5640EA84442C46047E /* Pods-VotingGuide-VotingGuideUITests.debug.xcconfig */ = {isa = PBXFileReference; includeInIndex = 1; lastKnownFileType = text.xcconfig; name = "Pods-VotingGuide-VotingGuideUITests.debug.xcconfig"; path = "Target Support Files/Pods-VotingGuide-VotingGuideUITests/Pods-VotingGuide-VotingGuideUITests.debug.xcconfig"; sourceTree = "<group>"; };
/* End PBXFileReference section */

/* Begin PBXFrameworksBuildPhase section */
		D5B47BE324D58CD3002348E7 /* Frameworks */ = {
			isa = PBXFrameworksBuildPhase;
			buildActionMask = 2147483647;
			files = (
				1E2404F6040A495CD3BAB1C3 /* Pods_VotingGuide.framework in Frameworks */,
			);
			runOnlyForDeploymentPostprocessing = 0;
		};
/* End PBXFrameworksBuildPhase section */

/* Begin PBXGroup section */
		803546757726F8DD53EE552A /* Pods */ = {
			isa = PBXGroup;
			children = (
				CC70F9CAE517A91796B80237 /* Pods-VotingGuide.debug.xcconfig */,
				1C20FE3E4E1074EEA031C007 /* Pods-VotingGuide.release.xcconfig */,
				FDF84E5640EA84442C46047E /* Pods-VotingGuide-VotingGuideUITests.debug.xcconfig */,
				E4DA95DE1DCA327BC0B666C7 /* Pods-VotingGuide-VotingGuideUITests.release.xcconfig */,
				2C84F8EEF46363D18DE42336 /* Pods-VotingGuideTests.debug.xcconfig */,
				165AE78728769D5D76C73324 /* Pods-VotingGuideTests.release.xcconfig */,
			);
			path = Pods;
			sourceTree = "<group>";
		};
		D5B47BDD24D58CD3002348E7 = {
			isa = PBXGroup;
			children = (
				D5B47BE824D58CD3002348E7 /* VotingGuide */,
				D5B47BFF24D58CD7002348E7 /* VotingGuideTests */,
				D5B47C0A24D58CD7002348E7 /* VotingGuideUITests */,
				D5B47BE724D58CD3002348E7 /* Products */,
				803546757726F8DD53EE552A /* Pods */,
				F22FE5F371090C82F6D552E7 /* Frameworks */,
			);
			sourceTree = "<group>";
		};
		D5B47BE724D58CD3002348E7 /* Products */ = {
			isa = PBXGroup;
			children = (
				D5B47BE624D58CD3002348E7 /* VotingGuide.app */,
			);
			name = Products;
			sourceTree = "<group>";
		};
		D5B47BE824D58CD3002348E7 /* VotingGuide */ = {
			isa = PBXGroup;
			children = (
				D5B47C1D24D596B0002348E7 /* AppDelegate */,
				D5B47C1B24D5968C002348E7 /* Extension */,
				D5B47C1C24D5969C002348E7 /* Model */,
				D5B47C1924D59673002348E7 /* Resource */,
				D5B47C1E24D596D2002348E7 /* Storyboards */,
				D5B47C1A24D5967E002348E7 /* View Controllers */,
			);
			path = VotingGuide;
			sourceTree = "<group>";
		};
		D5B47BFF24D58CD7002348E7 /* VotingGuideTests */ = {
			isa = PBXGroup;
			children = (
				D5B47C0024D58CD7002348E7 /* VotingGuideTests.swift */,
				D5B47C0224D58CD7002348E7 /* Info.plist */,
			);
			path = VotingGuideTests;
			sourceTree = "<group>";
		};
		D5B47C0A24D58CD7002348E7 /* VotingGuideUITests */ = {
			isa = PBXGroup;
			children = (
				D5B47C0B24D58CD7002348E7 /* VotingGuideUITests.swift */,
				D5B47C0D24D58CD7002348E7 /* Info.plist */,
			);
			path = VotingGuideUITests;
			sourceTree = "<group>";
		};
		D5B47C1924D59673002348E7 /* Resource */ = {
			isa = PBXGroup;
			children = (
				D5B47BF224D58CD7002348E7 /* Assets.xcassets */,
				D5B47BF724D58CD7002348E7 /* Info.plist */,
				D5B47BF424D58CD7002348E7 /* LaunchScreen.storyboard */,
			);
			path = Resource;
			sourceTree = "<group>";
		};
		D5B47C1A24D5967E002348E7 /* View Controllers */ = {
			isa = PBXGroup;
			children = (
				D5B47BED24D58CD3002348E7 /* ViewController.swift */,
			);
			path = "View Controllers";
			sourceTree = "<group>";
		};
		D5B47C1B24D5968C002348E7 /* Extension */ = {
			isa = PBXGroup;
			children = (
				D5A308AD24DC83C0005274B0 /* Ext.swift */,
			);
			path = Extension;
			sourceTree = "<group>";
		};
		D5B47C1C24D5969C002348E7 /* Model */ = {
			isa = PBXGroup;
			children = (
			);
			path = Model;
			sourceTree = "<group>";
		};
		D5B47C1D24D596B0002348E7 /* AppDelegate */ = {
			isa = PBXGroup;
			children = (
				D5B47BE924D58CD3002348E7 /* AppDelegate.swift */,
				D5B47BEB24D58CD3002348E7 /* SceneDelegate.swift */,
			);
			path = AppDelegate;
			sourceTree = "<group>";
		};
		D5B47C1E24D596D2002348E7 /* Storyboards */ = {
			isa = PBXGroup;
			children = (
			);
			path = Storyboards;
			sourceTree = "<group>";
		};
		F22FE5F371090C82F6D552E7 /* Frameworks */ = {
			isa = PBXGroup;
			children = (
				98013217765F2EA00C00CDB1 /* Pods_VotingGuide.framework */,
				E222334AAEA4D7E61CA43B3B /* Pods_VotingGuide_VotingGuideUITests.framework */,
				2235F2CFEC21FEA3B88DBE63 /* Pods_VotingGuideTests.framework */,
			);
			name = Frameworks;
			sourceTree = "<group>";
		};
/* End PBXGroup section */

/* Begin PBXNativeTarget section */
		D5B47BE524D58CD3002348E7 /* VotingGuide */ = {
			isa = PBXNativeTarget;
			buildConfigurationList = D5B47C1024D58CD7002348E7 /* Build configuration list for PBXNativeTarget "VotingGuide" */;
			buildPhases = (
				3E11524409192867525E26E7 /* [CP] Check Pods Manifest.lock */,
				D5B47BE224D58CD3002348E7 /* Sources */,
				D5B47BE324D58CD3002348E7 /* Frameworks */,
				D5B47BE424D58CD3002348E7 /* Resources */,
				410745E7DF2F7FD7F5D49BD7 /* [CP] Embed Pods Frameworks */,
			);
			buildRules = (
			);
			dependencies = (
			);
			name = VotingGuide;
			productName = VotingGuide;
			productReference = D5B47BE624D58CD3002348E7 /* VotingGuide.app */;
			productType = "com.apple.product-type.application";
		};
/* End PBXNativeTarget section */

/* Begin PBXProject section */
		D5B47BDE24D58CD3002348E7 /* Project object */ = {
			isa = PBXProject;
			attributes = {
				LastSwiftUpdateCheck = 1160;
				LastUpgradeCheck = 1160;
				ORGANIZATIONNAME = "Ko Ko Aye";
				TargetAttributes = {
					D5B47BE524D58CD3002348E7 = {
						CreatedOnToolsVersion = 11.6;
					};
				};
			};
			buildConfigurationList = D5B47BE124D58CD3002348E7 /* Build configuration list for PBXProject "VotingGuide" */;
			compatibilityVersion = "Xcode 11.4";
			developmentRegion = en;
			hasScannedForEncodings = 0;
			knownRegions = (
				en,
				Base,
			);
			mainGroup = D5B47BDD24D58CD3002348E7;
			productRefGroup = D5B47BE724D58CD3002348E7 /* Products */;
			projectDirPath = "";
			projectRoot = "";
			targets = (
				D5B47BE524D58CD3002348E7 /* VotingGuide */,
			);
		};
/* End PBXProject section */

/* Begin PBXResourcesBuildPhase section */
		D5B47BE424D58CD3002348E7 /* Resources */ = {
			isa = PBXResourcesBuildPhase;
			buildActionMask = 2147483647;
			files = (
				D5B47BF624D58CD7002348E7 /* LaunchScreen.storyboard in Resources */,
				D5B47BF324D58CD7002348E7 /* Assets.xcassets in Resources */,
			);
			runOnlyForDeploymentPostprocessing = 0;
		};
/* End PBXResourcesBuildPhase section */

/* Begin PBXShellScriptBuildPhase section */
		3E11524409192867525E26E7 /* [CP] Check Pods Manifest.lock */ = {
			isa = PBXShellScriptBuildPhase;
			buildActionMask = 2147483647;
			files = (
			);
			inputFileListPaths = (
			);
			inputPaths = (
				"${PODS_PODFILE_DIR_PATH}/Podfile.lock",
				"${PODS_ROOT}/Manifest.lock",
			);
			name = "[CP] Check Pods Manifest.lock";
			outputFileListPaths = (
			);
			outputPaths = (
				"$(DERIVED_FILE_DIR)/Pods-VotingGuide-checkManifestLockResult.txt",
			);
			runOnlyForDeploymentPostprocessing = 0;
			shellPath = /bin/sh;
			shellScript = "diff \"${PODS_PODFILE_DIR_PATH}/Podfile.lock\" \"${PODS_ROOT}/Manifest.lock\" > /dev/null\nif [ $? != 0 ] ; then\n    # print error to STDERR\n    echo \"error: The sandbox is not in sync with the Podfile.lock. Run 'pod install' or update your CocoaPods installation.\" >&2\n    exit 1\nfi\n# This output is used by Xcode 'outputs' to avoid re-running this script phase.\necho \"SUCCESS\" > \"${SCRIPT_OUTPUT_FILE_0}\"\n";
			showEnvVarsInLog = 0;
		};
		410745E7DF2F7FD7F5D49BD7 /* [CP] Embed Pods Frameworks */ = {
			isa = PBXShellScriptBuildPhase;
			buildActionMask = 2147483647;
			files = (
			);
			inputFileListPaths = (
				"${PODS_ROOT}/Target Support Files/Pods-VotingGuide/Pods-VotingGuide-frameworks-${CONFIGURATION}-input-files.xcfilelist",
			);
			name = "[CP] Embed Pods Frameworks";
			outputFileListPaths = (
				"${PODS_ROOT}/Target Support Files/Pods-VotingGuide/Pods-VotingGuide-frameworks-${CONFIGURATION}-output-files.xcfilelist",
			);
			runOnlyForDeploymentPostprocessing = 0;
			shellPath = /bin/sh;
			shellScript = "\"${PODS_ROOT}/Target Support Files/Pods-VotingGuide/Pods-VotingGuide-frameworks.sh\"\n";
			showEnvVarsInLog = 0;
		};
/* End PBXShellScriptBuildPhase section */

/* Begin PBXSourcesBuildPhase section */
		D5B47BE224D58CD3002348E7 /* Sources */ = {
			isa = PBXSourcesBuildPhase;
			buildActionMask = 2147483647;
			files = (
				D5B47BEE24D58CD3002348E7 /* ViewController.swift in Sources */,
				D5A308AE24DC83C0005274B0 /* Ext.swift in Sources */,
				D5B47BEA24D58CD3002348E7 /* AppDelegate.swift in Sources */,
				D5B47BEC24D58CD3002348E7 /* SceneDelegate.swift in Sources */,
			);
			runOnlyForDeploymentPostprocessing = 0;
		};
/* End PBXSourcesBuildPhase section */

/* Begin PBXVariantGroup section */
		D5B47BF424D58CD7002348E7 /* LaunchScreen.storyboard */ = {
			isa = PBXVariantGroup;
			children = (
				D5B47BF524D58CD7002348E7 /* Base */,
			);
			name = LaunchScreen.storyboard;
			sourceTree = "<group>";
		};
/* End PBXVariantGroup section */

/* Begin XCBuildConfiguration section */
		D5B47C0E24D58CD7002348E7 /* Debug */ = {
			isa = XCBuildConfiguration;
			buildSettings = {
				ALWAYS_SEARCH_USER_PATHS = NO;
				CLANG_ANALYZER_NONNULL = YES;
				CLANG_ANALYZER_NUMBER_OBJECT_CONVERSION = YES_AGGRESSIVE;
				CLANG_CXX_LANGUAGE_STANDARD = "gnu++14";
				CLANG_CXX_LIBRARY = "libc++";
				CLANG_ENABLE_MODULES = YES;
				CLANG_ENABLE_OBJC_ARC = YES;
				CLANG_ENABLE_OBJC_WEAK = YES;
				CLANG_WARN_BLOCK_CAPTURE_AUTORELEASING = YES;
				CLANG_WARN_BOOL_CONVERSION = YES;
				CLANG_WARN_COMMA = YES;
				CLANG_WARN_CONSTANT_CONVERSION = YES;
				CLANG_WARN_DEPRECATED_OBJC_IMPLEMENTATIONS = YES;
				CLANG_WARN_DIRECT_OBJC_ISA_USAGE = YES_ERROR;
				CLANG_WARN_DOCUMENTATION_COMMENTS = YES;
				CLANG_WARN_EMPTY_BODY = YES;
				CLANG_WARN_ENUM_CONVERSION = YES;
				CLANG_WARN_INFINITE_RECURSION = YES;
				CLANG_WARN_INT_CONVERSION = YES;
				CLANG_WARN_NON_LITERAL_NULL_CONVERSION = YES;
				CLANG_WARN_OBJC_IMPLICIT_RETAIN_SELF = YES;
				CLANG_WARN_OBJC_LITERAL_CONVERSION = YES;
				CLANG_WARN_OBJC_ROOT_CLASS = YES_ERROR;
				CLANG_WARN_RANGE_LOOP_ANALYSIS = YES;
				CLANG_WARN_STRICT_PROTOTYPES = YES;
				CLANG_WARN_SUSPICIOUS_MOVE = YES;
				CLANG_WARN_UNGUARDED_AVAILABILITY = YES_AGGRESSIVE;
				CLANG_WARN_UNREACHABLE_CODE = YES;
				CLANG_WARN__DUPLICATE_METHOD_MATCH = YES;
				COPY_PHASE_STRIP = NO;
				DEBUG_INFORMATION_FORMAT = dwarf;
				ENABLE_STRICT_OBJC_MSGSEND = YES;
				ENABLE_TESTABILITY = YES;
				GCC_C_LANGUAGE_STANDARD = gnu11;
				GCC_DYNAMIC_NO_PIC = NO;
				GCC_NO_COMMON_BLOCKS = YES;
				GCC_OPTIMIZATION_LEVEL = 0;
				GCC_PREPROCESSOR_DEFINITIONS = (
					"DEBUG=1",
					"$(inherited)",
				);
				GCC_WARN_64_TO_32_BIT_CONVERSION = YES;
				GCC_WARN_ABOUT_RETURN_TYPE = YES_ERROR;
				GCC_WARN_UNDECLARED_SELECTOR = YES;
				GCC_WARN_UNINITIALIZED_AUTOS = YES_AGGRESSIVE;
				GCC_WARN_UNUSED_FUNCTION = YES;
				GCC_WARN_UNUSED_VARIABLE = YES;
				IPHONEOS_DEPLOYMENT_TARGET = 13.0;
				MTL_ENABLE_DEBUG_INFO = INCLUDE_SOURCE;
				MTL_FAST_MATH = YES;
				ONLY_ACTIVE_ARCH = YES;
				SDKROOT = iphoneos;
				SWIFT_ACTIVE_COMPILATION_CONDITIONS = DEBUG;
				SWIFT_OPTIMIZATION_LEVEL = "-Onone";
			};
			name = Debug;
		};
		D5B47C0F24D58CD7002348E7 /* Release */ = {
			isa = XCBuildConfiguration;
			buildSettings = {
				ALWAYS_SEARCH_USER_PATHS = NO;
				CLANG_ANALYZER_NONNULL = YES;
				CLANG_ANALYZER_NUMBER_OBJECT_CONVERSION = YES_AGGRESSIVE;
				CLANG_CXX_LANGUAGE_STANDARD = "gnu++14";
				CLANG_CXX_LIBRARY = "libc++";
				CLANG_ENABLE_MODULES = YES;
				CLANG_ENABLE_OBJC_ARC = YES;
				CLANG_ENABLE_OBJC_WEAK = YES;
				CLANG_WARN_BLOCK_CAPTURE_AUTORELEASING = YES;
				CLANG_WARN_BOOL_CONVERSION = YES;
				CLANG_WARN_COMMA = YES;
				CLANG_WARN_CONSTANT_CONVERSION = YES;
				CLANG_WARN_DEPRECATED_OBJC_IMPLEMENTATIONS = YES;
				CLANG_WARN_DIRECT_OBJC_ISA_USAGE = YES_ERROR;
				CLANG_WARN_DOCUMENTATION_COMMENTS = YES;
				CLANG_WARN_EMPTY_BODY = YES;
				CLANG_WARN_ENUM_CONVERSION = YES;
				CLANG_WARN_INFINITE_RECURSION = YES;
				CLANG_WARN_INT_CONVERSION = YES;
				CLANG_WARN_NON_LITERAL_NULL_CONVERSION = YES;
				CLANG_WARN_OBJC_IMPLICIT_RETAIN_SELF = YES;
				CLANG_WARN_OBJC_LITERAL_CONVERSION = YES;
				CLANG_WARN_OBJC_ROOT_CLASS = YES_ERROR;
				CLANG_WARN_RANGE_LOOP_ANALYSIS = YES;
				CLANG_WARN_STRICT_PROTOTYPES = YES;
				CLANG_WARN_SUSPICIOUS_MOVE = YES;
				CLANG_WARN_UNGUARDED_AVAILABILITY = YES_AGGRESSIVE;
				CLANG_WARN_UNREACHABLE_CODE = YES;
				CLANG_WARN__DUPLICATE_METHOD_MATCH = YES;
				COPY_PHASE_STRIP = NO;
				DEBUG_INFORMATION_FORMAT = "dwarf-with-dsym";
				ENABLE_NS_ASSERTIONS = NO;
				ENABLE_STRICT_OBJC_MSGSEND = YES;
				GCC_C_LANGUAGE_STANDARD = gnu11;
				GCC_NO_COMMON_BLOCKS = YES;
				GCC_WARN_64_TO_32_BIT_CONVERSION = YES;
				GCC_WARN_ABOUT_RETURN_TYPE = YES_ERROR;
				GCC_WARN_UNDECLARED_SELECTOR = YES;
				GCC_WARN_UNINITIALIZED_AUTOS = YES_AGGRESSIVE;
				GCC_WARN_UNUSED_FUNCTION = YES;
				GCC_WARN_UNUSED_VARIABLE = YES;
				IPHONEOS_DEPLOYMENT_TARGET = 13.0;
				MTL_ENABLE_DEBUG_INFO = NO;
				MTL_FAST_MATH = YES;
				SDKROOT = iphoneos;
				SWIFT_COMPILATION_MODE = wholemodule;
				SWIFT_OPTIMIZATION_LEVEL = "-O";
				VALIDATE_PRODUCT = YES;
			};
			name = Release;
		};
		D5B47C1124D58CD7002348E7 /* Debug */ = {
			isa = XCBuildConfiguration;
			baseConfigurationReference = CC70F9CAE517A91796B80237 /* Pods-VotingGuide.debug.xcconfig */;
			buildSettings = {
				ASSETCATALOG_COMPILER_APPICON_NAME = AppIcon;
				CODE_SIGN_STYLE = Automatic;
				DEVELOPMENT_TEAM = PG284DFZU6;
				INFOPLIST_FILE = VotingGuide/Resource/Info.plist;
				LD_RUNPATH_SEARCH_PATHS = (
					"$(inherited)",
					"@executable_path/Frameworks",
				);
				PRODUCT_BUNDLE_IDENTIFIER = com.amo.vg.VotingGuide;
				PRODUCT_NAME = "$(TARGET_NAME)";
				SWIFT_VERSION = 5.0;
				TARGETED_DEVICE_FAMILY = "1,2";
			};
			name = Debug;
		};
		D5B47C1224D58CD7002348E7 /* Release */ = {
			isa = XCBuildConfiguration;
			baseConfigurationReference = 1C20FE3E4E1074EEA031C007 /* Pods-VotingGuide.release.xcconfig */;
			buildSettings = {
				ASSETCATALOG_COMPILER_APPICON_NAME = AppIcon;
				CODE_SIGN_STYLE = Automatic;
				DEVELOPMENT_TEAM = PG284DFZU6;
				INFOPLIST_FILE = VotingGuide/Resource/Info.plist;
				LD_RUNPATH_SEARCH_PATHS = (
					"$(inherited)",
					"@executable_path/Frameworks",
				);
				PRODUCT_BUNDLE_IDENTIFIER = com.amo.vg.VotingGuide;
				PRODUCT_NAME = "$(TARGET_NAME)";
				SWIFT_VERSION = 5.0;
				TARGETED_DEVICE_FAMILY = "1,2";
			};
			name = Release;
		};
/* End XCBuildConfiguration section */

/* Begin XCConfigurationList section */
		D5B47BE124D58CD3002348E7 /* Build configuration list for PBXProject "VotingGuide" */ = {
			isa = XCConfigurationList;
			buildConfigurations = (
				D5B47C0E24D58CD7002348E7 /* Debug */,
				D5B47C0F24D58CD7002348E7 /* Release */,
			);
			defaultConfigurationIsVisible = 0;
			defaultConfigurationName = Release;
		};
		D5B47C1024D58CD7002348E7 /* Build configuration list for PBXNativeTarget "VotingGuide" */ = {
			isa = XCConfigurationList;
			buildConfigurations = (
				D5B47C1124D58CD7002348E7 /* Debug */,
				D5B47C1224D58CD7002348E7 /* Release */,
			);
			defaultConfigurationIsVisible = 0;
			defaultConfigurationName = Release;
		};
/* End XCConfigurationList section */
	};
	rootObject = D5B47BDE24D58CD3002348E7 /* Project object */;
}
